
Microsoft Visual Studio Solution File, Format Version 12.00
# Visual Studio Version 17
VisualStudioVersion = 17.4.33213.308
MinimumVisualStudioVersion = 10.0.40219.1
Project("{FAE04EC0-301F-11D3-BF4B-00C04F79EFBC}") = "PuxDirectoryChanges", "PuxDirectoryChanges\PuxDirectoryChanges.csproj", "{2ED509E0-EA45-41A0-BDB9-B5C995E81674}"
EndProject
Global
	GlobalSection(SolutionConfigurationPlatforms) = preSolution
		Debug|Any CPU = Debug|Any CPU
		Release|Any CPU = Release|Any CPU
	EndGlobalSection
	GlobalSection(ProjectConfigurationPlatforms) = postSolution
		{2ED509E0-EA45-41A0-BDB9-B5C995E81674}.Debug|Any CPU.ActiveCfg = Debug|Any CPU
		{2ED509E0-EA45-41A0-BDB9-B5C995E81674}.Debug|Any CPU.Build.0 = Debug|Any CPU
		{2ED509E0-EA45-41A0-BDB9-B5C995E81674}.Release|Any CPU.ActiveCfg = Release|Any CPU
		{2ED509E0-EA45-41A0-BDB9-B5C995E81674}.Release|Any CPU.Build.0 = Release|Any CPU
	EndGlobalSection
	GlobalSection(SolutionProperties) = preSolution
		HideSolutionNode = FALSE
	EndGlobalSection
	GlobalSection(ExtensibilityGlobals) = postSolution
		SolutionGuid = {C661B92C-0775-4148-941F-0506263E0C2D}
	EndGlobalSection
EndGlobal
